
Microsoft Visual Studio Solution File, Format Version 12.00
# Visual Studio Version 17
VisualStudioVersion = 17.14.36109.1 d17.14
MinimumVisualStudioVersion = 10.0.40219.1
Project("{FAE04EC0-301F-11D3-BF4B-00C04F79EFBC}") = "Tourism.Api", "Tourism.API\Tourism.Api.csproj", "{7090BB4F-1E57-437D-BEA6-7F0EB3C3038F}"
EndProject
Global
	GlobalSection(SolutionConfigurationPlatforms) = preSolution
		Debug|Any CPU = Debug|Any CPU
		Release|Any CPU = Release|Any CPU
	EndGlobalSection
	GlobalSection(ProjectConfigurationPlatforms) = postSolution
		{7090BB4F-1E57-437D-BEA6-7F0EB3C3038F}.Debug|Any CPU.ActiveCfg = Debug|Any CPU
		{7090BB4F-1E57-437D-BEA6-7F0EB3C3038F}.Debug|Any CPU.Build.0 = Debug|Any CPU
		{7090BB4F-1E57-437D-BEA6-7F0EB3C3038F}.Release|Any CPU.ActiveCfg = Release|Any CPU
		{7090BB4F-1E57-437D-BEA6-7F0EB3C3038F}.Release|Any CPU.Build.0 = Release|Any CPU
	EndGlobalSection
	GlobalSection(SolutionProperties) = preSolution
		HideSolutionNode = FALSE
	EndGlobalSection
	GlobalSection(ExtensibilityGlobals) = postSolution
		SolutionGuid = {F220B4CB-585A-41E5-9596-5E2C3F43517C}
	EndGlobalSection
EndGlobal
